
Microsoft Visual Studio Solution File, Format Version 11.00
# Visual Studio 2010
Project("{6989167D-11E4-40FE-8C1A-2192A86A7E90}") = "MOPAC_32_GPU", "MOPAC_32_GPU.vfproj", "{A47E466A-88CC-48E8-AD98-9EDEC7E946ED}"
	ProjectSection(ProjectDependencies) = postProject
		{9F5D2A53-0E97-4E09-9975-FFADE0855B8E} = {9F5D2A53-0E97-4E09-9975-FFADE0855B8E}
	EndProjectSection
EndProject
Project("{8BC9CEB8-8B4A-11D0-8D11-00A0C91BC942}") = "MOPAC_CUDA_files_vs2010", "MOPAC_CUDA_files\MOPAC_CUDA_files_vs2010.vcxproj", "{9F5D2A53-0E97-4E09-9975-FFADE0855B8E}"
EndProject
Global
	GlobalSection(SolutionConfigurationPlatforms) = preSolution
		Debug|Win32 = Debug|Win32
		Debug|x64 = Debug|x64
		Release|Win32 = Release|Win32
		Release|x64 = Release|x64
	EndGlobalSection
	GlobalSection(ProjectConfigurationPlatforms) = postSolution
		{A47E466A-88CC-48E8-AD98-9EDEC7E946ED}.Debug|Win32.ActiveCfg = Debug|Win32
		{A47E466A-88CC-48E8-AD98-9EDEC7E946ED}.Debug|Win32.Build.0 = Debug|Win32
		{A47E466A-88CC-48E8-AD98-9EDEC7E946ED}.Debug|x64.ActiveCfg = Debug|x64
		{A47E466A-88CC-48E8-AD98-9EDEC7E946ED}.Debug|x64.Build.0 = Debug|x64
		{A47E466A-88CC-48E8-AD98-9EDEC7E946ED}.Release|Win32.ActiveCfg = Release|Win32
		{A47E466A-88CC-48E8-AD98-9EDEC7E946ED}.Release|Win32.Build.0 = Release|Win32
		{A47E466A-88CC-48E8-AD98-9EDEC7E946ED}.Release|x64.ActiveCfg = Release|x64
		{A47E466A-88CC-48E8-AD98-9EDEC7E946ED}.Release|x64.Build.0 = Release|x64
		{9F5D2A53-0E97-4E09-9975-FFADE0855B8E}.Debug|Win32.ActiveCfg = Debug|Win32
		{9F5D2A53-0E97-4E09-9975-FFADE0855B8E}.Debug|Win32.Build.0 = Debug|Win32
		{9F5D2A53-0E97-4E09-9975-FFADE0855B8E}.Debug|x64.ActiveCfg = Debug|x64
		{9F5D2A53-0E97-4E09-9975-FFADE0855B8E}.Debug|x64.Build.0 = Debug|x64
		{9F5D2A53-0E97-4E09-9975-FFADE0855B8E}.Release|Win32.ActiveCfg = Release|Win32
		{9F5D2A53-0E97-4E09-9975-FFADE0855B8E}.Release|Win32.Build.0 = Release|Win32
		{9F5D2A53-0E97-4E09-9975-FFADE0855B8E}.Release|x64.ActiveCfg = Release|x64
		{9F5D2A53-0E97-4E09-9975-FFADE0855B8E}.Release|x64.Build.0 = Release|x64
	EndGlobalSection
	GlobalSection(SolutionProperties) = preSolution
		HideSolutionNode = FALSE
	EndGlobalSection
EndGlobal
